
Microsoft Visual Studio Solution File, Format Version 12.00
# Visual Studio Version 17
VisualStudioVersion = 17.1.32421.90
MinimumVisualStudioVersion = 10.0.40219.1
Project("{FAE04EC0-301F-11D3-BF4B-00C04F79EFBC}") = "GamePassScores.UWP", "GamePassScores.UWP\GamePassScores.UWP.csproj", "{987F094E-EEFD-4600-B2F8-C97AAE9DC7B2}"
EndProject
Project("{9A19103F-16F7-4668-BE54-9A1E7A4F7556}") = "GamePassScores.InfoCollectorConsole", "GamePassScores.InfoCollectorConsole\GamePassScores.InfoCollectorConsole.csproj", "{58E17972-448B-45BD-BD29-0BDDF500704B}"
EndProject
Project("{9A19103F-16F7-4668-BE54-9A1E7A4F7556}") = "GamePassScores.Models", "GamePassScores.Models\GamePassScores.Models.csproj", "{54B0280C-EE82-47DA-B403-6FF86FA97DD0}"
EndProject
Global
	GlobalSection(SolutionConfigurationPlatforms) = preSolution
		Debug|Any CPU = Debug|Any CPU
		Debug|ARM = Debug|ARM
		Debug|ARM64 = Debug|ARM64
		Debug|x64 = Debug|x64
		Debug|x86 = Debug|x86
		Debug-InfoCollector|Any CPU = Debug-InfoCollector|Any CPU
		Debug-InfoCollector|ARM = Debug-InfoCollector|ARM
		Debug-InfoCollector|ARM64 = Debug-InfoCollector|ARM64
		Debug-InfoCollector|x64 = Debug-InfoCollector|x64
		Debug-InfoCollector|x86 = Debug-InfoCollector|x86
		Release|Any CPU = Release|Any CPU
		Release|ARM = Release|ARM
		Release|ARM64 = Release|ARM64
		Release|x64 = Release|x64
		Release|x86 = Release|x86
		Release-InfoCollector|Any CPU = Release-InfoCollector|Any CPU
		Release-InfoCollector|ARM = Release-InfoCollector|ARM
		Release-InfoCollector|ARM64 = Release-InfoCollector|ARM64
		Release-InfoCollector|x64 = Release-InfoCollector|x64
		Release-InfoCollector|x86 = Release-InfoCollector|x86
	EndGlobalSection
	GlobalSection(ProjectConfigurationPlatforms) = postSolution
		{987F094E-EEFD-4600-B2F8-C97AAE9DC7B2}.Debug|Any CPU.ActiveCfg = Debug|x86
		{987F094E-EEFD-4600-B2F8-C97AAE9DC7B2}.Debug|ARM.ActiveCfg = Debug|ARM
		{987F094E-EEFD-4600-B2F8-C97AAE9DC7B2}.Debug|ARM.Build.0 = Debug|ARM
		{987F094E-EEFD-4600-B2F8-C97AAE9DC7B2}.Debug|ARM.Deploy.0 = Debug|ARM
		{987F094E-EEFD-4600-B2F8-C97AAE9DC7B2}.Debug|ARM64.ActiveCfg = Debug|ARM64
		{987F094E-EEFD-4600-B2F8-C97AAE9DC7B2}.Debug|ARM64.Build.0 = Debug|ARM64
		{987F094E-EEFD-4600-B2F8-C97AAE9DC7B2}.Debug|ARM64.Deploy.0 = Debug|ARM64
		{987F094E-EEFD-4600-B2F8-C97AAE9DC7B2}.Debug|x64.ActiveCfg = Debug|x64
		{987F094E-EEFD-4600-B2F8-C97AAE9DC7B2}.Debug|x64.Build.0 = Debug|x64
		{987F094E-EEFD-4600-B2F8-C97AAE9DC7B2}.Debug|x64.Deploy.0 = Debug|x64
		{987F094E-EEFD-4600-B2F8-C97AAE9DC7B2}.Debug|x86.ActiveCfg = Debug|x86
		{987F094E-EEFD-4600-B2F8-C97AAE9DC7B2}.Debug|x86.Build.0 = Debug|x86
		{987F094E-EEFD-4600-B2F8-C97AAE9DC7B2}.Debug|x86.Deploy.0 = Debug|x86
		{987F094E-EEFD-4600-B2F8-C97AAE9DC7B2}.Debug-InfoCollector|Any CPU.ActiveCfg = Debug|x86
		{987F094E-EEFD-4600-B2F8-C97AAE9DC7B2}.Debug-InfoCollector|ARM.ActiveCfg = Debug|ARM
		{987F094E-EEFD-4600-B2F8-C97AAE9DC7B2}.Debug-InfoCollector|ARM.Build.0 = Debug|ARM
		{987F094E-EEFD-4600-B2F8-C97AAE9DC7B2}.Debug-InfoCollector|ARM.Deploy.0 = Debug|ARM
		{987F094E-EEFD-4600-B2F8-C97AAE9DC7B2}.Debug-InfoCollector|ARM64.ActiveCfg = Debug|ARM64
		{987F094E-EEFD-4600-B2F8-C97AAE9DC7B2}.Debug-InfoCollector|ARM64.Build.0 = Debug|ARM64
		{987F094E-EEFD-4600-B2F8-C97AAE9DC7B2}.Debug-InfoCollector|ARM64.Deploy.0 = Debug|ARM64
		{987F094E-EEFD-4600-B2F8-C97AAE9DC7B2}.Debug-InfoCollector|x64.ActiveCfg = Debug|x64
		{987F094E-EEFD-4600-B2F8-C97AAE9DC7B2}.Debug-InfoCollector|x86.ActiveCfg = Debug|x86
		{987F094E-EEFD-4600-B2F8-C97AAE9DC7B2}.Debug-InfoCollector|x86.Build.0 = Debug|x86
		{987F094E-EEFD-4600-B2F8-C97AAE9DC7B2}.Debug-InfoCollector|x86.Deploy.0 = Debug|x86
		{987F094E-EEFD-4600-B2F8-C97AAE9DC7B2}.Release|Any CPU.ActiveCfg = Release|x86
		{987F094E-EEFD-4600-B2F8-C97AAE9DC7B2}.Release|ARM.ActiveCfg = Release|ARM
		{987F094E-EEFD-4600-B2F8-C97AAE9DC7B2}.Release|ARM.Build.0 = Release|ARM
		{987F094E-EEFD-4600-B2F8-C97AAE9DC7B2}.Release|ARM.Deploy.0 = Release|ARM
		{987F094E-EEFD-4600-B2F8-C97AAE9DC7B2}.Release|ARM64.ActiveCfg = Release|ARM64
		{987F094E-EEFD-4600-B2F8-C97AAE9DC7B2}.Release|ARM64.Build.0 = Release|ARM64
		{987F094E-EEFD-4600-B2F8-C97AAE9DC7B2}.Release|ARM64.Deploy.0 = Release|ARM64
		{987F094E-EEFD-4600-B2F8-C97AAE9DC7B2}.Release|x64.ActiveCfg = Release|x64
		{987F094E-EEFD-4600-B2F8-C97AAE9DC7B2}.Release|x64.Build.0 = Release|x64
		{987F094E-EEFD-4600-B2F8-C97AAE9DC7B2}.Release|x64.Deploy.0 = Release|x64
		{987F094E-EEFD-4600-B2F8-C97AAE9DC7B2}.Release|x86.ActiveCfg = Release|x86
		{987F094E-EEFD-4600-B2F8-C97AAE9DC7B2}.Release|x86.Build.0 = Release|x86
		{987F094E-EEFD-4600-B2F8-C97AAE9DC7B2}.Release|x86.Deploy.0 = Release|x86
		{987F094E-EEFD-4600-B2F8-C97AAE9DC7B2}.Release-InfoCollector|Any CPU.ActiveCfg = Release|x86
		{987F094E-EEFD-4600-B2F8-C97AAE9DC7B2}.Release-InfoCollector|ARM.ActiveCfg = Release|ARM
		{987F094E-EEFD-4600-B2F8-C97AAE9DC7B2}.Release-InfoCollector|ARM.Build.0 = Release|ARM
		{987F094E-EEFD-4600-B2F8-C97AAE9DC7B2}.Release-InfoCollector|ARM.Deploy.0 = Release|ARM
		{987F094E-EEFD-4600-B2F8-C97AAE9DC7B2}.Release-InfoCollector|ARM64.ActiveCfg = Release|ARM64
		{987F094E-EEFD-4600-B2F8-C97AAE9DC7B2}.Release-InfoCollector|ARM64.Build.0 = Release|ARM64
		{987F094E-EEFD-4600-B2F8-C97AAE9DC7B2}.Release-InfoCollector|ARM64.Deploy.0 = Release|ARM64
		{987F094E-EEFD-4600-B2F8-C97AAE9DC7B2}.Release-InfoCollector|x64.ActiveCfg = Release|x64
		{987F094E-EEFD-4600-B2F8-C97AAE9DC7B2}.Release-InfoCollector|x86.ActiveCfg = Release|x86
		{987F094E-EEFD-4600-B2F8-C97AAE9DC7B2}.Release-InfoCollector|x86.Build.0 = Release|x86
		{987F094E-EEFD-4600-B2F8-C97AAE9DC7B2}.Release-InfoCollector|x86.Deploy.0 = Release|x86
		{58E17972-448B-45BD-BD29-0BDDF500704B}.Debug|Any CPU.ActiveCfg = Debug|Any CPU
		{58E17972-448B-45BD-BD29-0BDDF500704B}.Debug|Any CPU.Build.0 = Debug|Any CPU
		{58E17972-448B-45BD-BD29-0BDDF500704B}.Debug|ARM.ActiveCfg = Debug|Any CPU
		{58E17972-448B-45BD-BD29-0BDDF500704B}.Debug|ARM.Build.0 = Debug|Any CPU
		{58E17972-448B-45BD-BD29-0BDDF500704B}.Debug|ARM64.ActiveCfg = Debug|Any CPU
		{58E17972-448B-45BD-BD29-0BDDF500704B}.Debug|ARM64.Build.0 = Debug|Any CPU
		{58E17972-448B-45BD-BD29-0BDDF500704B}.Debug|x64.ActiveCfg = Debug|Any CPU
		{58E17972-448B-45BD-BD29-0BDDF500704B}.Debug|x64.Build.0 = Debug|Any CPU
		{58E17972-448B-45BD-BD29-0BDDF500704B}.Debug|x86.ActiveCfg = Debug|Any CPU
		{58E17972-448B-45BD-BD29-0BDDF500704B}.Debug|x86.Build.0 = Debug|Any CPU
		{58E17972-448B-45BD-BD29-0BDDF500704B}.Debug-InfoCollector|Any CPU.ActiveCfg = Debug|Any CPU
		{58E17972-448B-45BD-BD29-0BDDF500704B}.Debug-InfoCollector|Any CPU.Build.0 = Debug|Any CPU
		{58E17972-448B-45BD-BD29-0BDDF500704B}.Debug-InfoCollector|ARM.ActiveCfg = Debug|Any CPU
		{58E17972-448B-45BD-BD29-0BDDF500704B}.Debug-InfoCollector|ARM.Build.0 = Debug|Any CPU
		{58E17972-448B-45BD-BD29-0BDDF500704B}.Debug-InfoCollector|ARM64.ActiveCfg = Debug|Any CPU
		{58E17972-448B-45BD-BD29-0BDDF500704B}.Debug-InfoCollector|ARM64.Build.0 = Debug|Any CPU
		{58E17972-448B-45BD-BD29-0BDDF500704B}.Debug-InfoCollector|x64.ActiveCfg = Debug|x64
		{58E17972-448B-45BD-BD29-0BDDF500704B}.Debug-InfoCollector|x64.Build.0 = Debug|x64
		{58E17972-448B-45BD-BD29-0BDDF500704B}.Debug-InfoCollector|x86.ActiveCfg = Debug|Any CPU
		{58E17972-448B-45BD-BD29-0BDDF500704B}.Debug-InfoCollector|x86.Build.0 = Debug|Any CPU
		{58E17972-448B-45BD-BD29-0BDDF500704B}.Release|Any CPU.ActiveCfg = Release|Any CPU
		{58E17972-448B-45BD-BD29-0BDDF500704B}.Release|Any CPU.Build.0 = Release|Any CPU
		{58E17972-448B-45BD-BD29-0BDDF500704B}.Release|ARM.ActiveCfg = Release|Any CPU
		{58E17972-448B-45BD-BD29-0BDDF500704B}.Release|ARM.Build.0 = Release|Any CPU
		{58E17972-448B-45BD-BD29-0BDDF500704B}.Release|ARM64.ActiveCfg = Release|Any CPU
		{58E17972-448B-45BD-BD29-0BDDF500704B}.Release|ARM64.Build.0 = Release|Any CPU
		{58E17972-448B-45BD-BD29-0BDDF500704B}.Release|x64.ActiveCfg = Release|Any CPU
		{58E17972-448B-45BD-BD29-0BDDF500704B}.Release|x64.Build.0 = Release|Any CPU
		{58E17972-448B-45BD-BD29-0BDDF500704B}.Release|x86.ActiveCfg = Release|Any CPU
		{58E17972-448B-45BD-BD29-0BDDF500704B}.Release|x86.Build.0 = Release|Any CPU
		{58E17972-448B-45BD-BD29-0BDDF500704B}.Release-InfoCollector|Any CPU.ActiveCfg = Release|Any CPU
		{58E17972-448B-45BD-BD29-0BDDF500704B}.Release-InfoCollector|Any CPU.Build.0 = Release|Any CPU
		{58E17972-448B-45BD-BD29-0BDDF500704B}.Release-InfoCollector|ARM.ActiveCfg = Release|Any CPU
		{58E17972-448B-45BD-BD29-0BDDF500704B}.Release-InfoCollector|ARM.Build.0 = Release|Any CPU
		{58E17972-448B-45BD-BD29-0BDDF500704B}.Release-InfoCollector|ARM64.ActiveCfg = Release|Any CPU
		{58E17972-448B-45BD-BD29-0BDDF500704B}.Release-InfoCollector|ARM64.Build.0 = Release|Any CPU
		{58E17972-448B-45BD-BD29-0BDDF500704B}.Release-InfoCollector|x64.ActiveCfg = Release|x64
		{58E17972-448B-45BD-BD29-0BDDF500704B}.Release-InfoCollector|x64.Build.0 = Release|x64
		{58E17972-448B-45BD-BD29-0BDDF500704B}.Release-InfoCollector|x86.ActiveCfg = Release|Any CPU
		{58E17972-448B-45BD-BD29-0BDDF500704B}.Release-InfoCollector|x86.Build.0 = Release|Any CPU
		{54B0280C-EE82-47DA-B403-6FF86FA97DD0}.Debug|Any CPU.ActiveCfg = Debug|Any CPU
		{54B0280C-EE82-47DA-B403-6FF86FA97DD0}.Debug|Any CPU.Build.0 = Debug|Any CPU
		{54B0280C-EE82-47DA-B403-6FF86FA97DD0}.Debug|ARM.ActiveCfg = Debug|Any CPU
		{54B0280C-EE82-47DA-B403-6FF86FA97DD0}.Debug|ARM.Build.0 = Debug|Any CPU
		{54B0280C-EE82-47DA-B403-6FF86FA97DD0}.Debug|ARM64.ActiveCfg = Debug|Any CPU
		{54B0280C-EE82-47DA-B403-6FF86FA97DD0}.Debug|ARM64.Build.0 = Debug|Any CPU
		{54B0280C-EE82-47DA-B403-6FF86FA97DD0}.Debug|x64.ActiveCfg = Debug|Any CPU
		{54B0280C-EE82-47DA-B403-6FF86FA97DD0}.Debug|x64.Build.0 = Debug|Any CPU
		{54B0280C-EE82-47DA-B403-6FF86FA97DD0}.Debug|x86.ActiveCfg = Debug|Any CPU
		{54B0280C-EE82-47DA-B403-6FF86FA97DD0}.Debug|x86.Build.0 = Debug|Any CPU
		{54B0280C-EE82-47DA-B403-6FF86FA97DD0}.Debug-InfoCollector|Any CPU.ActiveCfg = Debug|Any CPU
		{54B0280C-EE82-47DA-B403-6FF86FA97DD0}.Debug-InfoCollector|Any CPU.Build.0 = Debug|Any CPU
		{54B0280C-EE82-47DA-B403-6FF86FA97DD0}.Debug-InfoCollector|ARM.ActiveCfg = Debug|Any CPU
		{54B0280C-EE82-47DA-B403-6FF86FA97DD0}.Debug-InfoCollector|ARM.Build.0 = Debug|Any CPU
		{54B0280C-EE82-47DA-B403-6FF86FA97DD0}.Debug-InfoCollector|ARM64.ActiveCfg = Debug|Any CPU
		{54B0280C-EE82-47DA-B403-6FF86FA97DD0}.Debug-InfoCollector|ARM64.Build.0 = Debug|Any CPU
		{54B0280C-EE82-47DA-B403-6FF86FA97DD0}.Debug-InfoCollector|x64.ActiveCfg = Debug|Any CPU
		{54B0280C-EE82-47DA-B403-6FF86FA97DD0}.Debug-InfoCollector|x64.Build.0 = Debug|Any CPU
		{54B0280C-EE82-47DA-B403-6FF86FA97DD0}.Debug-InfoCollector|x86.ActiveCfg = Debug|Any CPU
		{54B0280C-EE82-47DA-B403-6FF86FA97DD0}.Debug-InfoCollector|x86.Build.0 = Debug|Any CPU
		{54B0280C-EE82-47DA-B403-6FF86FA97DD0}.Release|Any CPU.ActiveCfg = Release|Any CPU
		{54B0280C-EE82-47DA-B403-6FF86FA97DD0}.Release|Any CPU.Build.0 = Release|Any CPU
		{54B0280C-EE82-47DA-B403-6FF86FA97DD0}.Release|ARM.ActiveCfg = Release|Any CPU
		{54B0280C-EE82-47DA-B403-6FF86FA97DD0}.Release|ARM.Build.0 = Release|Any CPU
		{54B0280C-EE82-47DA-B403-6FF86FA97DD0}.Release|ARM64.ActiveCfg = Release|Any CPU
		{54B0280C-EE82-47DA-B403-6FF86FA97DD0}.Release|ARM64.Build.0 = Release|Any CPU
		{54B0280C-EE82-47DA-B403-6FF86FA97DD0}.Release|x64.ActiveCfg = Release|Any CPU
		{54B0280C-EE82-47DA-B403-6FF86FA97DD0}.Release|x64.Build.0 = Release|Any CPU
		{54B0280C-EE82-47DA-B403-6FF86FA97DD0}.Release|x86.ActiveCfg = Release|Any CPU
		{54B0280C-EE82-47DA-B403-6FF86FA97DD0}.Release|x86.Build.0 = Release|Any CPU
		{54B0280C-EE82-47DA-B403-6FF86FA97DD0}.Release-InfoCollector|Any CPU.ActiveCfg = Release|Any CPU
		{54B0280C-EE82-47DA-B403-6FF86FA97DD0}.Release-InfoCollector|Any CPU.Build.0 = Release|Any CPU
		{54B0280C-EE82-47DA-B403-6FF86FA97DD0}.Release-InfoCollector|ARM.ActiveCfg = Release|Any CPU
		{54B0280C-EE82-47DA-B403-6FF86FA97DD0}.Release-InfoCollector|ARM.Build.0 = Release|Any CPU
		{54B0280C-EE82-47DA-B403-6FF86FA97DD0}.Release-InfoCollector|ARM64.ActiveCfg = Release|Any CPU
		{54B0280C-EE82-47DA-B403-6FF86FA97DD0}.Release-InfoCollector|ARM64.Build.0 = Release|Any CPU
		{54B0280C-EE82-47DA-B403-6FF86FA97DD0}.Release-InfoCollector|x64.ActiveCfg = Release|Any CPU
		{54B0280C-EE82-47DA-B403-6FF86FA97DD0}.Release-InfoCollector|x86.ActiveCfg = Release|Any CPU
		{54B0280C-EE82-47DA-B403-6FF86FA97DD0}.Release-InfoCollector|x86.Build.0 = Release|Any CPU
	EndGlobalSection
	GlobalSection(SolutionProperties) = preSolution
		HideSolutionNode = FALSE
	EndGlobalSection
	GlobalSection(ExtensibilityGlobals) = postSolution
		SolutionGuid = {FDF3F794-BD1C-4D79-A093-D058B7977496}
	EndGlobalSection
EndGlobal
